
Microsoft Visual Studio Solution File, Format Version 12.00
# Visual Studio 15
VisualStudioVersion = 15.0.27703.2026
MinimumVisualStudioVersion = 10.0.40219.1
Project("{FAE04EC0-301F-11D3-BF4B-00C04F79EFBC}") = "BAL", "BAL\BAL.csproj", "{6324B7D4-1245-4E4A-9432-8BA40D29CE3E}"
EndProject
Project("{FAE04EC0-301F-11D3-BF4B-00C04F79EFBC}") = "DAL", "DAL\DAL.csproj", "{83B0C554-8090-4E00-8C4F-CE70BDBE18D1}"
EndProject
Project("{FAE04EC0-301F-11D3-BF4B-00C04F79EFBC}") = "MapperSvc", "MapperSvc\MapperSvc.csproj", "{BABD535A-0C6D-4906-B939-65A6BF46DD4B}"
EndProject
Project("{FAE04EC0-301F-11D3-BF4B-00C04F79EFBC}") = "DataContracts", "ServiceContracts\DataContracts.csproj", "{136FB945-6D3E-4DDE-8391-74C5C27143F4}"
EndProject
Project("{FAE04EC0-301F-11D3-BF4B-00C04F79EFBC}") = "ServiceContracts", "ServiceInterface\ServiceContracts.csproj", "{0674527A-EE83-4B93-A3D5-302C2B8290C7}"
EndProject
Global
	GlobalSection(SolutionConfigurationPlatforms) = preSolution
		Debug|Any CPU = Debug|Any CPU
		Release|Any CPU = Release|Any CPU
	EndGlobalSection
	GlobalSection(ProjectConfigurationPlatforms) = postSolution
		{6324B7D4-1245-4E4A-9432-8BA40D29CE3E}.Debug|Any CPU.ActiveCfg = Debug|Any CPU
		{6324B7D4-1245-4E4A-9432-8BA40D29CE3E}.Debug|Any CPU.Build.0 = Debug|Any CPU
		{6324B7D4-1245-4E4A-9432-8BA40D29CE3E}.Release|Any CPU.ActiveCfg = Release|Any CPU
		{6324B7D4-1245-4E4A-9432-8BA40D29CE3E}.Release|Any CPU.Build.0 = Release|Any CPU
		{83B0C554-8090-4E00-8C4F-CE70BDBE18D1}.Debug|Any CPU.ActiveCfg = Debug|Any CPU
		{83B0C554-8090-4E00-8C4F-CE70BDBE18D1}.Debug|Any CPU.Build.0 = Debug|Any CPU
		{83B0C554-8090-4E00-8C4F-CE70BDBE18D1}.Release|Any CPU.ActiveCfg = Release|Any CPU
		{83B0C554-8090-4E00-8C4F-CE70BDBE18D1}.Release|Any CPU.Build.0 = Release|Any CPU
		{BABD535A-0C6D-4906-B939-65A6BF46DD4B}.Debug|Any CPU.ActiveCfg = Debug|Any CPU
		{BABD535A-0C6D-4906-B939-65A6BF46DD4B}.Debug|Any CPU.Build.0 = Debug|Any CPU
		{BABD535A-0C6D-4906-B939-65A6BF46DD4B}.Release|Any CPU.ActiveCfg = Release|Any CPU
		{BABD535A-0C6D-4906-B939-65A6BF46DD4B}.Release|Any CPU.Build.0 = Release|Any CPU
		{136FB945-6D3E-4DDE-8391-74C5C27143F4}.Debug|Any CPU.ActiveCfg = Debug|Any CPU
		{136FB945-6D3E-4DDE-8391-74C5C27143F4}.Debug|Any CPU.Build.0 = Debug|Any CPU
		{136FB945-6D3E-4DDE-8391-74C5C27143F4}.Release|Any CPU.ActiveCfg = Release|Any CPU
		{136FB945-6D3E-4DDE-8391-74C5C27143F4}.Release|Any CPU.Build.0 = Release|Any CPU
		{0674527A-EE83-4B93-A3D5-302C2B8290C7}.Debug|Any CPU.ActiveCfg = Debug|Any CPU
		{0674527A-EE83-4B93-A3D5-302C2B8290C7}.Debug|Any CPU.Build.0 = Debug|Any CPU
		{0674527A-EE83-4B93-A3D5-302C2B8290C7}.Release|Any CPU.ActiveCfg = Release|Any CPU
		{0674527A-EE83-4B93-A3D5-302C2B8290C7}.Release|Any CPU.Build.0 = Release|Any CPU
	EndGlobalSection
	GlobalSection(SolutionProperties) = preSolution
		HideSolutionNode = FALSE
	EndGlobalSection
	GlobalSection(ExtensibilityGlobals) = postSolution
		SolutionGuid = {593E637D-5B60-432D-967C-43FDF73F1C43}
	EndGlobalSection
EndGlobal
